// !$*UTF8*$!
{
	archiveVersion = 1;
	classes = {
	};
	objectVersion = 55;
	objects = {

/* Begin PBXBuildFile section */
		AA3A47782865CB0E0030B49E /* main.cpp in Sources */ = {isa = PBXBuildFile; fileRef = AA3A47772865CB0E0030B49E /* main.cpp */; };
		AA3A478C2865CBB50030B49E /* drawing.cpp in Sources */ = {isa = PBXBuildFile; fileRef = AA3A477F2865CBB20030B49E /* drawing.cpp */; };
		AA3A478D2865CBB50030B49E /* debug.cpp in Sources */ = {isa = PBXBuildFile; fileRef = AA3A47802865CBB20030B49E /* debug.cpp */; };
		AA3A478E2865CBB50030B49E /* c_api.cpp in Sources */ = {isa = PBXBuildFile; fileRef = AA3A47812865CBB20030B49E /* c_api.cpp */; };
		AA3A478F2865CBB50030B49E /* classifier.cpp in Sources */ = {isa = PBXBuildFile; fileRef = AA3A47822865CBB20030B49E /* classifier.cpp */; };
		AA3A47902865CBB50030B49E /* image.cpp in Sources */ = {isa = PBXBuildFile; fileRef = AA3A47832865CBB20030B49E /* image.cpp */; };
		AA3A47912865CBB50030B49E /* export.cpp in Sources */ = {isa = PBXBuildFile; fileRef = AA3A47852865CBB30030B49E /* export.cpp */; };
		AA3A47922865CBB50030B49E /* dnn.cpp in Sources */ = {isa = PBXBuildFile; fileRef = AA3A47872865CBB30030B49E /* dnn.cpp */; };
		AA3A47932865CBB50030B49E /* video.cpp in Sources */ = {isa = PBXBuildFile; fileRef = AA3A47882865CBB40030B49E /* video.cpp */; };
		AA3A47942865CBB50030B49E /* to_string.cpp in Sources */ = {isa = PBXBuildFile; fileRef = AA3A47892865CBB40030B49E /* to_string.cpp */; };
		AA3A47952865CBB50030B49E /* etc.cpp in Sources */ = {isa = PBXBuildFile; fileRef = AA3A478A2865CBB40030B49E /* etc.cpp */; };
		AA3A47962865CBB50030B49E /* files.cpp in Sources */ = {isa = PBXBuildFile; fileRef = AA3A478B2865CBB50030B49E /* files.cpp */; };
/* End PBXBuildFile section */

/* Begin PBXCopyFilesBuildPhase section */
		AA3A47722865CB0E0030B49E /* CopyFiles */ = {
			isa = PBXCopyFilesBuildPhase;
			buildActionMask = 2147483647;
			dstPath = /usr/share/man/man1/;
			dstSubfolderSpec = 0;
			files = (
			);
			runOnlyForDeploymentPostprocessing = 1;
		};
/* End PBXCopyFilesBuildPhase section */

/* Begin PBXFileReference section */
		AA3A47742865CB0E0030B49E /* cpp-to-c-api */ = {isa = PBXFileReference; explicitFileType = "compiled.mach-o.executable"; includeInIndex = 0; path = "cpp-to-c-api"; sourceTree = BUILT_PRODUCTS_DIR; };
		AA3A47772865CB0E0030B49E /* main.cpp */ = {isa = PBXFileReference; lastKnownFileType = sourcecode.cpp.cpp; path = main.cpp; sourceTree = "<group>"; };
		AA3A477E2865CBB20030B49E /* LICENSE */ = {isa = PBXFileReference; fileEncoding = 4; lastKnownFileType = text; path = LICENSE; sourceTree = "<group>"; };
		AA3A477F2865CBB20030B49E /* drawing.cpp */ = {isa = PBXFileReference; fileEncoding = 4; lastKnownFileType = sourcecode.cpp.cpp; path = drawing.cpp; sourceTree = "<group>"; };
		AA3A47802865CBB20030B49E /* debug.cpp */ = {isa = PBXFileReference; fileEncoding = 4; lastKnownFileType = sourcecode.cpp.cpp; path = debug.cpp; sourceTree = "<group>"; };
		AA3A47812865CBB20030B49E /* c_api.cpp */ = {isa = PBXFileReference; fileEncoding = 4; lastKnownFileType = sourcecode.cpp.cpp; path = c_api.cpp; sourceTree = "<group>"; };
		AA3A47822865CBB20030B49E /* classifier.cpp */ = {isa = PBXFileReference; fileEncoding = 4; lastKnownFileType = sourcecode.cpp.cpp; path = classifier.cpp; sourceTree = "<group>"; };
		AA3A47832865CBB20030B49E /* image.cpp */ = {isa = PBXFileReference; fileEncoding = 4; lastKnownFileType = sourcecode.cpp.cpp; path = image.cpp; sourceTree = "<group>"; };
		AA3A47842865CBB30030B49E /* README.md */ = {isa = PBXFileReference; fileEncoding = 4; lastKnownFileType = net.daringfireball.markdown; path = README.md; sourceTree = "<group>"; };
		AA3A47852865CBB30030B49E /* export.cpp */ = {isa = PBXFileReference; fileEncoding = 4; lastKnownFileType = sourcecode.cpp.cpp; path = export.cpp; sourceTree = "<group>"; };
		AA3A47862865CBB30030B49E /* includes */ = {isa = PBXFileReference; lastKnownFileType = folder; path = includes; sourceTree = "<group>"; };
		AA3A47872865CBB30030B49E /* dnn.cpp */ = {isa = PBXFileReference; fileEncoding = 4; lastKnownFileType = sourcecode.cpp.cpp; path = dnn.cpp; sourceTree = "<group>"; };
		AA3A47882865CBB40030B49E /* video.cpp */ = {isa = PBXFileReference; fileEncoding = 4; lastKnownFileType = sourcecode.cpp.cpp; path = video.cpp; sourceTree = "<group>"; };
		AA3A47892865CBB40030B49E /* to_string.cpp */ = {isa = PBXFileReference; fileEncoding = 4; lastKnownFileType = sourcecode.cpp.cpp; path = to_string.cpp; sourceTree = "<group>"; };
		AA3A478A2865CBB40030B49E /* etc.cpp */ = {isa = PBXFileReference; fileEncoding = 4; lastKnownFileType = sourcecode.cpp.cpp; path = etc.cpp; sourceTree = "<group>"; };
		AA3A478B2865CBB50030B49E /* files.cpp */ = {isa = PBXFileReference; fileEncoding = 4; lastKnownFileType = sourcecode.cpp.cpp; path = files.cpp; sourceTree = "<group>"; };
/* End PBXFileReference section */

/* Begin PBXFrameworksBuildPhase section */
		AA3A47712865CB0E0030B49E /* Frameworks */ = {
			isa = PBXFrameworksBuildPhase;
			buildActionMask = 2147483647;
			files = (
			);
			runOnlyForDeploymentPostprocessing = 0;
		};
/* End PBXFrameworksBuildPhase section */

/* Begin PBXGroup section */
		AA3A476B2865CB0E0030B49E = {
			isa = PBXGroup;
			children = (
				AA3A477E2865CBB20030B49E /* LICENSE */,
				AA3A47842865CBB30030B49E /* README.md */,
				AA3A47762865CB0E0030B49E /* src */,
				AA3A47752865CB0E0030B49E /* Products */,
			);
			sourceTree = "<group>";
		};
		AA3A47752865CB0E0030B49E /* Products */ = {
			isa = PBXGroup;
			children = (
				AA3A47742865CB0E0030B49E /* cpp-to-c-api */,
			);
			name = Products;
			sourceTree = "<group>";
		};
		AA3A47762865CB0E0030B49E /* src */ = {
			isa = PBXGroup;
			children = (
				AA3A47772865CB0E0030B49E /* main.cpp */,
				AA3A47812865CBB20030B49E /* c_api.cpp */,
				AA3A47822865CBB20030B49E /* classifier.cpp */,
				AA3A47802865CBB20030B49E /* debug.cpp */,
				AA3A47872865CBB30030B49E /* dnn.cpp */,
				AA3A477F2865CBB20030B49E /* drawing.cpp */,
				AA3A478A2865CBB40030B49E /* etc.cpp */,
				AA3A47852865CBB30030B49E /* export.cpp */,
				AA3A478B2865CBB50030B49E /* files.cpp */,
				AA3A47832865CBB20030B49E /* image.cpp */,
				AA3A47862865CBB30030B49E /* includes */,
				AA3A47892865CBB40030B49E /* to_string.cpp */,
				AA3A47882865CBB40030B49E /* video.cpp */,
			);
			path = src;
			sourceTree = "<group>";
		};
/* End PBXGroup section */

/* Begin PBXNativeTarget section */
		AA3A47732865CB0E0030B49E /* cpp-to-c-api */ = {
			isa = PBXNativeTarget;
			buildConfigurationList = AA3A477B2865CB0E0030B49E /* Build configuration list for PBXNativeTarget "cpp-to-c-api" */;
			buildPhases = (
				AA3A47702865CB0E0030B49E /* Sources */,
				AA3A47712865CB0E0030B49E /* Frameworks */,
				AA3A47722865CB0E0030B49E /* CopyFiles */,
			);
			buildRules = (
			);
			dependencies = (
			);
			name = "cpp-to-c-api";
			productName = "cpp-to-c-api";
			productReference = AA3A47742865CB0E0030B49E /* cpp-to-c-api */;
			productType = "com.apple.product-type.tool";
		};
/* End PBXNativeTarget section */

/* Begin PBXProject section */
		AA3A476C2865CB0E0030B49E /* Project object */ = {
			isa = PBXProject;
			attributes = {
				BuildIndependentTargetsInParallel = 1;
				LastUpgradeCheck = 1320;
				TargetAttributes = {
					AA3A47732865CB0E0030B49E = {
						CreatedOnToolsVersion = 13.2.1;
					};
				};
			};
			buildConfigurationList = AA3A476F2865CB0E0030B49E /* Build configuration list for PBXProject "cpp-to-c-api" */;
			compatibilityVersion = "Xcode 13.0";
			developmentRegion = en;
			hasScannedForEncodings = 0;
			knownRegions = (
				en,
				Base,
			);
			mainGroup = AA3A476B2865CB0E0030B49E;
			productRefGroup = AA3A47752865CB0E0030B49E /* Products */;
			projectDirPath = "";
			projectRoot = "";
			targets = (
				AA3A47732865CB0E0030B49E /* cpp-to-c-api */,
			);
		};
/* End PBXProject section */

/* Begin PBXSourcesBuildPhase section */
		AA3A47702865CB0E0030B49E /* Sources */ = {
			isa = PBXSourcesBuildPhase;
			buildActionMask = 2147483647;
			files = (
				AA3A47922865CBB50030B49E /* dnn.cpp in Sources */,
				AA3A478C2865CBB50030B49E /* drawing.cpp in Sources */,
				AA3A47912865CBB50030B49E /* export.cpp in Sources */,
				AA3A478F2865CBB50030B49E /* classifier.cpp in Sources */,
				AA3A47932865CBB50030B49E /* video.cpp in Sources */,
				AA3A478D2865CBB50030B49E /* debug.cpp in Sources */,
				AA3A478E2865CBB50030B49E /* c_api.cpp in Sources */,
				AA3A47942865CBB50030B49E /* to_string.cpp in Sources */,
				AA3A47952865CBB50030B49E /* etc.cpp in Sources */,
				AA3A47962865CBB50030B49E /* files.cpp in Sources */,
				AA3A47782865CB0E0030B49E /* main.cpp in Sources */,
				AA3A47902865CBB50030B49E /* image.cpp in Sources */,
			);
			runOnlyForDeploymentPostprocessing = 0;
		};
/* End PBXSourcesBuildPhase section */

/* Begin XCBuildConfiguration section */
		AA3A47792865CB0E0030B49E /* Debug */ = {
			isa = XCBuildConfiguration;
			buildSettings = {
				ALWAYS_SEARCH_USER_PATHS = NO;
				CLANG_ANALYZER_NONNULL = YES;
				CLANG_ANALYZER_NUMBER_OBJECT_CONVERSION = YES_AGGRESSIVE;
				CLANG_CXX_LANGUAGE_STANDARD = "gnu++17";
				CLANG_CXX_LIBRARY = "libc++";
				CLANG_ENABLE_MODULES = YES;
				CLANG_ENABLE_OBJC_ARC = YES;
				CLANG_ENABLE_OBJC_WEAK = YES;
				CLANG_WARN_BLOCK_CAPTURE_AUTORELEASING = YES;
				CLANG_WARN_BOOL_CONVERSION = YES;
				CLANG_WARN_COMMA = YES;
				CLANG_WARN_CONSTANT_CONVERSION = YES;
				CLANG_WARN_DEPRECATED_OBJC_IMPLEMENTATIONS = YES;
				CLANG_WARN_DIRECT_OBJC_ISA_USAGE = YES_ERROR;
				CLANG_WARN_DOCUMENTATION_COMMENTS = YES;
				CLANG_WARN_EMPTY_BODY = YES;
				CLANG_WARN_ENUM_CONVERSION = YES;
				CLANG_WARN_INFINITE_RECURSION = YES;
				CLANG_WARN_INT_CONVERSION = YES;
				CLANG_WARN_NON_LITERAL_NULL_CONVERSION = YES;
				CLANG_WARN_OBJC_IMPLICIT_RETAIN_SELF = YES;
				CLANG_WARN_OBJC_LITERAL_CONVERSION = YES;
				CLANG_WARN_OBJC_ROOT_CLASS = YES_ERROR;
				CLANG_WARN_QUOTED_INCLUDE_IN_FRAMEWORK_HEADER = YES;
				CLANG_WARN_RANGE_LOOP_ANALYSIS = YES;
				CLANG_WARN_STRICT_PROTOTYPES = YES;
				CLANG_WARN_SUSPICIOUS_MOVE = YES;
				CLANG_WARN_UNGUARDED_AVAILABILITY = YES_AGGRESSIVE;
				CLANG_WARN_UNREACHABLE_CODE = YES;
				CLANG_WARN__DUPLICATE_METHOD_MATCH = YES;
				COPY_PHASE_STRIP = NO;
				DEBUG_INFORMATION_FORMAT = dwarf;
				ENABLE_STRICT_OBJC_MSGSEND = YES;
				ENABLE_TESTABILITY = YES;
				GCC_C_LANGUAGE_STANDARD = gnu11;
				GCC_DYNAMIC_NO_PIC = NO;
				GCC_NO_COMMON_BLOCKS = YES;
				GCC_OPTIMIZATION_LEVEL = 0;
				GCC_PREPROCESSOR_DEFINITIONS = (
					"DEBUG=1",
					"$(inherited)",
				);
				GCC_WARN_64_TO_32_BIT_CONVERSION = YES;
				GCC_WARN_ABOUT_RETURN_TYPE = YES_ERROR;
				GCC_WARN_UNDECLARED_SELECTOR = YES;
				GCC_WARN_UNINITIALIZED_AUTOS = YES_AGGRESSIVE;
				GCC_WARN_UNUSED_FUNCTION = YES;
				GCC_WARN_UNUSED_VARIABLE = YES;
				MACOSX_DEPLOYMENT_TARGET = 11.6;
				MTL_ENABLE_DEBUG_INFO = INCLUDE_SOURCE;
				MTL_FAST_MATH = YES;
				ONLY_ACTIVE_ARCH = YES;
				SDKROOT = macosx;
			};
			name = Debug;
		};
		AA3A477A2865CB0E0030B49E /* Release */ = {
			isa = XCBuildConfiguration;
			buildSettings = {
				ALWAYS_SEARCH_USER_PATHS = NO;
				CLANG_ANALYZER_NONNULL = YES;
				CLANG_ANALYZER_NUMBER_OBJECT_CONVERSION = YES_AGGRESSIVE;
				CLANG_CXX_LANGUAGE_STANDARD = "gnu++17";
				CLANG_CXX_LIBRARY = "libc++";
				CLANG_ENABLE_MODULES = YES;
				CLANG_ENABLE_OBJC_ARC = YES;
				CLANG_ENABLE_OBJC_WEAK = YES;
				CLANG_WARN_BLOCK_CAPTURE_AUTORELEASING = YES;
				CLANG_WARN_BOOL_CONVERSION = YES;
				CLANG_WARN_COMMA = YES;
				CLANG_WARN_CONSTANT_CONVERSION = YES;
				CLANG_WARN_DEPRECATED_OBJC_IMPLEMENTATIONS = YES;
				CLANG_WARN_DIRECT_OBJC_ISA_USAGE = YES_ERROR;
				CLANG_WARN_DOCUMENTATION_COMMENTS = YES;
				CLANG_WARN_EMPTY_BODY = YES;
				CLANG_WARN_ENUM_CONVERSION = YES;
				CLANG_WARN_INFINITE_RECURSION = YES;
				CLANG_WARN_INT_CONVERSION = YES;
				CLANG_WARN_NON_LITERAL_NULL_CONVERSION = YES;
				CLANG_WARN_OBJC_IMPLICIT_RETAIN_SELF = YES;
				CLANG_WARN_OBJC_LITERAL_CONVERSION = YES;
				CLANG_WARN_OBJC_ROOT_CLASS = YES_ERROR;
				CLANG_WARN_QUOTED_INCLUDE_IN_FRAMEWORK_HEADER = YES;
				CLANG_WARN_RANGE_LOOP_ANALYSIS = YES;
				CLANG_WARN_STRICT_PROTOTYPES = YES;
				CLANG_WARN_SUSPICIOUS_MOVE = YES;
				CLANG_WARN_UNGUARDED_AVAILABILITY = YES_AGGRESSIVE;
				CLANG_WARN_UNREACHABLE_CODE = YES;
				CLANG_WARN__DUPLICATE_METHOD_MATCH = YES;
				COPY_PHASE_STRIP = NO;
				DEBUG_INFORMATION_FORMAT = "dwarf-with-dsym";
				ENABLE_NS_ASSERTIONS = NO;
				ENABLE_STRICT_OBJC_MSGSEND = YES;
				GCC_C_LANGUAGE_STANDARD = gnu11;
				GCC_NO_COMMON_BLOCKS = YES;
				GCC_WARN_64_TO_32_BIT_CONVERSION = YES;
				GCC_WARN_ABOUT_RETURN_TYPE = YES_ERROR;
				GCC_WARN_UNDECLARED_SELECTOR = YES;
				GCC_WARN_UNINITIALIZED_AUTOS = YES_AGGRESSIVE;
				GCC_WARN_UNUSED_FUNCTION = YES;
				GCC_WARN_UNUSED_VARIABLE = YES;
				MACOSX_DEPLOYMENT_TARGET = 11.6;
				MTL_ENABLE_DEBUG_INFO = NO;
				MTL_FAST_MATH = YES;
				SDKROOT = macosx;
			};
			name = Release;
		};
		AA3A477C2865CB0E0030B49E /* Debug */ = {
			isa = XCBuildConfiguration;
			buildSettings = {
				CODE_SIGN_STYLE = Automatic;
				DEVELOPMENT_TEAM = A36G9WH7N8;
				ENABLE_HARDENED_RUNTIME = YES;
				PRODUCT_NAME = "$(TARGET_NAME)";
			};
			name = Debug;
		};
		AA3A477D2865CB0E0030B49E /* Release */ = {
			isa = XCBuildConfiguration;
			buildSettings = {
				CODE_SIGN_STYLE = Automatic;
				DEVELOPMENT_TEAM = A36G9WH7N8;
				ENABLE_HARDENED_RUNTIME = YES;
				PRODUCT_NAME = "$(TARGET_NAME)";
			};
			name = Release;
		};
/* End XCBuildConfiguration section */

/* Begin XCConfigurationList section */
		AA3A476F2865CB0E0030B49E /* Build configuration list for PBXProject "cpp-to-c-api" */ = {
			isa = XCConfigurationList;
			buildConfigurations = (
				AA3A47792865CB0E0030B49E /* Debug */,
				AA3A477A2865CB0E0030B49E /* Release */,
			);
			defaultConfigurationIsVisible = 0;
			defaultConfigurationName = Release;
		};
		AA3A477B2865CB0E0030B49E /* Build configuration list for PBXNativeTarget "cpp-to-c-api" */ = {
			isa = XCConfigurationList;
			buildConfigurations = (
				AA3A477C2865CB0E0030B49E /* Debug */,
				AA3A477D2865CB0E0030B49E /* Release */,
			);
			defaultConfigurationIsVisible = 0;
			defaultConfigurationName = Release;
		};
/* End XCConfigurationList section */
	};
	rootObject = AA3A476C2865CB0E0030B49E /* Project object */;
}
