// !$*UTF8*$!
{
	archiveVersion = 1;
	classes = {
	};
	objectVersion = 55;
	objects = {

/* Begin PBXBuildFile section */
		AA3A478C2865CBB50030B49E /* drawing.cpp in Sources */ = {isa = PBXBuildFile; fileRef = AA3A477F2865CBB20030B49E /* drawing.cpp */; };
		AA3A478D2865CBB50030B49E /* debug.cpp in Sources */ = {isa = PBXBuildFile; fileRef = AA3A47802865CBB20030B49E /* debug.cpp */; };
		AA3A478E2865CBB50030B49E /* c_api.cpp in Sources */ = {isa = PBXBuildFile; fileRef = AA3A47812865CBB20030B49E /* c_api.cpp */; };
		AA3A478F2865CBB50030B49E /* classifier.cpp in Sources */ = {isa = PBXBuildFile; fileRef = AA3A47822865CBB20030B49E /* classifier.cpp */; };
		AA3A47902865CBB50030B49E /* image.cpp in Sources */ = {isa = PBXBuildFile; fileRef = AA3A47832865CBB20030B49E /* image.cpp */; };
		AA3A47912865CBB50030B49E /* export.cpp in Sources */ = {isa = PBXBuildFile; fileRef = AA3A47852865CBB30030B49E /* export.cpp */; };
		AA3A47922865CBB50030B49E /* dnn.cpp in Sources */ = {isa = PBXBuildFile; fileRef = AA3A47872865CBB30030B49E /* dnn.cpp */; };
		AA3A47932865CBB50030B49E /* video.cpp in Sources */ = {isa = PBXBuildFile; fileRef = AA3A47882865CBB40030B49E /* video.cpp */; };
		AA3A47942865CBB50030B49E /* to_string.cpp in Sources */ = {isa = PBXBuildFile; fileRef = AA3A47892865CBB40030B49E /* to_string.cpp */; };
		AA3A47952865CBB50030B49E /* etc.cpp in Sources */ = {isa = PBXBuildFile; fileRef = AA3A478A2865CBB40030B49E /* etc.cpp */; };
		AA3A47962865CBB50030B49E /* files.cpp in Sources */ = {isa = PBXBuildFile; fileRef = AA3A478B2865CBB50030B49E /* files.cpp */; };
/* End PBXBuildFile section */

/* Begin PBXCopyFilesBuildPhase section */
		AA3A47722865CB0E0030B49E /* CopyFiles */ = {
			isa = PBXCopyFilesBuildPhase;
			buildActionMask = 2147483647;
			dstPath = /usr/share/man/man1/;
			dstSubfolderSpec = 0;
			files = (
			);
			runOnlyForDeploymentPostprocessing = 1;
		};
/* End PBXCopyFilesBuildPhase section */

/* Begin PBXFileReference section */
		AA249B62286636B4001B3CA7 /* debug.hpp */ = {isa = PBXFileReference; lastKnownFileType = sourcecode.cpp.h; path = debug.hpp; sourceTree = "<group>"; };
		AA249B63286636B4001B3CA7 /* to_string.hpp */ = {isa = PBXFileReference; lastKnownFileType = sourcecode.cpp.h; path = to_string.hpp; sourceTree = "<group>"; };
		AA249B64286636B4001B3CA7 /* files.hpp */ = {isa = PBXFileReference; lastKnownFileType = sourcecode.cpp.h; path = files.hpp; sourceTree = "<group>"; };
		AA249B65286636B4001B3CA7 /* video.hpp */ = {isa = PBXFileReference; lastKnownFileType = sourcecode.cpp.h; path = video.hpp; sourceTree = "<group>"; };
		AA249B66286636B4001B3CA7 /* dnn.hpp */ = {isa = PBXFileReference; lastKnownFileType = sourcecode.cpp.h; path = dnn.hpp; sourceTree = "<group>"; };
		AA249B67286636B4001B3CA7 /* drawing.hpp */ = {isa = PBXFileReference; lastKnownFileType = sourcecode.cpp.h; path = drawing.hpp; sourceTree = "<group>"; };
		AA249B68286636B4001B3CA7 /* classifier.hpp */ = {isa = PBXFileReference; lastKnownFileType = sourcecode.cpp.h; path = classifier.hpp; sourceTree = "<group>"; };
		AA249B69286636B4001B3CA7 /* data_types.h */ = {isa = PBXFileReference; lastKnownFileType = sourcecode.c.h; path = data_types.h; sourceTree = "<group>"; };
		AA249B6A286636B5001B3CA7 /* image.hpp */ = {isa = PBXFileReference; lastKnownFileType = sourcecode.cpp.h; path = image.hpp; sourceTree = "<group>"; };
		AA249B6B286636B5001B3CA7 /* export.hpp */ = {isa = PBXFileReference; lastKnownFileType = sourcecode.cpp.h; path = export.hpp; sourceTree = "<group>"; };
		AA249B6C286636B5001B3CA7 /* c_api.h */ = {isa = PBXFileReference; lastKnownFileType = sourcecode.c.h; path = c_api.h; sourceTree = "<group>"; };
		AA249B6D286636B5001B3CA7 /* etc.hpp */ = {isa = PBXFileReference; lastKnownFileType = sourcecode.cpp.h; path = etc.hpp; sourceTree = "<group>"; };
		AA3A47742865CB0E0030B49E /* cpp-to-c-api */ = {isa = PBXFileReference; explicitFileType = "compiled.mach-o.executable"; includeInIndex = 0; path = "cpp-to-c-api"; sourceTree = BUILT_PRODUCTS_DIR; };
		AA3A477E2865CBB20030B49E /* LICENSE */ = {isa = PBXFileReference; fileEncoding = 4; lastKnownFileType = text; path = LICENSE; sourceTree = "<group>"; };
		AA3A477F2865CBB20030B49E /* drawing.cpp */ = {isa = PBXFileReference; fileEncoding = 4; lastKnownFileType = sourcecode.cpp.cpp; path = drawing.cpp; sourceTree = "<group>"; };
		AA3A47802865CBB20030B49E /* debug.cpp */ = {isa = PBXFileReference; fileEncoding = 4; lastKnownFileType = sourcecode.cpp.cpp; path = debug.cpp; sourceTree = "<group>"; };
		AA3A47812865CBB20030B49E /* c_api.cpp */ = {isa = PBXFileReference; fileEncoding = 4; lastKnownFileType = sourcecode.cpp.cpp; path = c_api.cpp; sourceTree = "<group>"; };
		AA3A47822865CBB20030B49E /* classifier.cpp */ = {isa = PBXFileReference; fileEncoding = 4; lastKnownFileType = sourcecode.cpp.cpp; path = classifier.cpp; sourceTree = "<group>"; };
		AA3A47832865CBB20030B49E /* image.cpp */ = {isa = PBXFileReference; fileEncoding = 4; lastKnownFileType = sourcecode.cpp.cpp; path = image.cpp; sourceTree = "<group>"; };
		AA3A47842865CBB30030B49E /* README.md */ = {isa = PBXFileReference; fileEncoding = 4; lastKnownFileType = net.daringfireball.markdown; path = README.md; sourceTree = "<group>"; };
		AA3A47852865CBB30030B49E /* export.cpp */ = {isa = PBXFileReference; fileEncoding = 4; lastKnownFileType = sourcecode.cpp.cpp; path = export.cpp; sourceTree = "<group>"; };
		AA3A47872865CBB30030B49E /* dnn.cpp */ = {isa = PBXFileReference; fileEncoding = 4; lastKnownFileType = sourcecode.cpp.cpp; path = dnn.cpp; sourceTree = "<group>"; };
		AA3A47882865CBB40030B49E /* video.cpp */ = {isa = PBXFileReference; fileEncoding = 4; lastKnownFileType = sourcecode.cpp.cpp; path = video.cpp; sourceTree = "<group>"; };
		AA3A47892865CBB40030B49E /* to_string.cpp */ = {isa = PBXFileReference; fileEncoding = 4; lastKnownFileType = sourcecode.cpp.cpp; path = to_string.cpp; sourceTree = "<group>"; };
		AA3A478A2865CBB40030B49E /* etc.cpp */ = {isa = PBXFileReference; fileEncoding = 4; lastKnownFileType = sourcecode.cpp.cpp; path = etc.cpp; sourceTree = "<group>"; };
		AA3A478B2865CBB50030B49E /* files.cpp */ = {isa = PBXFileReference; fileEncoding = 4; lastKnownFileType = sourcecode.cpp.cpp; path = files.cpp; sourceTree = "<group>"; };
		AA422C9E286F2BCD00D58354 /* version.h */ = {isa = PBXFileReference; lastKnownFileType = sourcecode.c.h; path = version.h; sourceTree = "<group>"; };
		AA422CA1286F2F3A00D58354 /* version.h.t */ = {isa = PBXFileReference; lastKnownFileType = text; path = version.h.t; sourceTree = "<group>"; };
/* End PBXFileReference section */

/* Begin PBXFrameworksBuildPhase section */
		AA3A47712865CB0E0030B49E /* Frameworks */ = {
			isa = PBXFrameworksBuildPhase;
			buildActionMask = 2147483647;
			files = (
			);
			runOnlyForDeploymentPostprocessing = 0;
		};
/* End PBXFrameworksBuildPhase section */

/* Begin PBXGroup section */
		AA249B61286636AB001B3CA7 /* include */ = {
			isa = PBXGroup;
			children = (
				AA249B6C286636B5001B3CA7 /* c_api.h */,
				AA249B68286636B4001B3CA7 /* classifier.hpp */,
				AA249B69286636B4001B3CA7 /* data_types.h */,
				AA249B62286636B4001B3CA7 /* debug.hpp */,
				AA249B66286636B4001B3CA7 /* dnn.hpp */,
				AA249B67286636B4001B3CA7 /* drawing.hpp */,
				AA249B6D286636B5001B3CA7 /* etc.hpp */,
				AA249B6B286636B5001B3CA7 /* export.hpp */,
				AA249B64286636B4001B3CA7 /* files.hpp */,
				AA249B6A286636B5001B3CA7 /* image.hpp */,
				AA249B63286636B4001B3CA7 /* to_string.hpp */,
				AA249B65286636B4001B3CA7 /* video.hpp */,
				AA422C9E286F2BCD00D58354 /* version.h */,
				AA422CA1286F2F3A00D58354 /* version.h.t */,
			);
			path = include;
			sourceTree = "<group>";
		};
		AA3A476B2865CB0E0030B49E = {
			isa = PBXGroup;
			children = (
				AA3A477E2865CBB20030B49E /* LICENSE */,
				AA3A47842865CBB30030B49E /* README.md */,
				AA3A47762865CB0E0030B49E /* src */,
				AA3A47752865CB0E0030B49E /* Products */,
			);
			sourceTree = "<group>";
		};
		AA3A47752865CB0E0030B49E /* Products */ = {
			isa = PBXGroup;
			children = (
				AA3A47742865CB0E0030B49E /* cpp-to-c-api */,
			);
			name = Products;
			sourceTree = "<group>";
		};
		AA3A47762865CB0E0030B49E /* src */ = {
			isa = PBXGroup;
			children = (
				AA249B61286636AB001B3CA7 /* include */,
				AA3A47812865CBB20030B49E /* c_api.cpp */,
				AA3A47822865CBB20030B49E /* classifier.cpp */,
				AA3A47802865CBB20030B49E /* debug.cpp */,
				AA3A47872865CBB30030B49E /* dnn.cpp */,
				AA3A477F2865CBB20030B49E /* drawing.cpp */,
				AA3A478A2865CBB40030B49E /* etc.cpp */,
				AA3A47852865CBB30030B49E /* export.cpp */,
				AA3A478B2865CBB50030B49E /* files.cpp */,
				AA3A47832865CBB20030B49E /* image.cpp */,
				AA3A47892865CBB40030B49E /* to_string.cpp */,
				AA3A47882865CBB40030B49E /* video.cpp */,
			);
			path = src;
			sourceTree = "<group>";
		};
/* End PBXGroup section */

/* Begin PBXNativeTarget section */
		AA3A47732865CB0E0030B49E /* cpp-to-c-api */ = {
			isa = PBXNativeTarget;
			buildConfigurationList = AA3A477B2865CB0E0030B49E /* Build configuration list for PBXNativeTarget "cpp-to-c-api" */;
			buildPhases = (
				AA3A47702865CB0E0030B49E /* Sources */,
				AA3A47712865CB0E0030B49E /* Frameworks */,
				AA3A47722865CB0E0030B49E /* CopyFiles */,
			);
			buildRules = (
			);
			dependencies = (
			);
			name = "cpp-to-c-api";
			productName = "cpp-to-c-api";
			productReference = AA3A47742865CB0E0030B49E /* cpp-to-c-api */;
			productType = "com.apple.product-type.tool";
		};
/* End PBXNativeTarget section */

/* Begin PBXProject section */
		AA3A476C2865CB0E0030B49E /* Project object */ = {
			isa = PBXProject;
			attributes = {
				BuildIndependentTargetsInParallel = 1;
				LastUpgradeCheck = 1320;
				TargetAttributes = {
					AA3A47732865CB0E0030B49E = {
						CreatedOnToolsVersion = 13.2.1;
					};
				};
			};
			buildConfigurationList = AA3A476F2865CB0E0030B49E /* Build configuration list for PBXProject "cpp-to-c-api" */;
			compatibilityVersion = "Xcode 13.0";
			developmentRegion = en;
			hasScannedForEncodings = 0;
			knownRegions = (
				en,
				Base,
			);
			mainGroup = AA3A476B2865CB0E0030B49E;
			productRefGroup = AA3A47752865CB0E0030B49E /* Products */;
			projectDirPath = "";
			projectRoot = "";
			targets = (
				AA3A47732865CB0E0030B49E /* cpp-to-c-api */,
			);
		};
/* End PBXProject section */

/* Begin PBXSourcesBuildPhase section */
		AA3A47702865CB0E0030B49E /* Sources */ = {
			isa = PBXSourcesBuildPhase;
			buildActionMask = 2147483647;
			files = (
				AA3A47922865CBB50030B49E /* dnn.cpp in Sources */,
				AA3A478C2865CBB50030B49E /* drawing.cpp in Sources */,
				AA3A47912865CBB50030B49E /* export.cpp in Sources */,
				AA3A478F2865CBB50030B49E /* classifier.cpp in Sources */,
				AA3A47932865CBB50030B49E /* video.cpp in Sources */,
				AA3A478D2865CBB50030B49E /* debug.cpp in Sources */,
				AA3A478E2865CBB50030B49E /* c_api.cpp in Sources */,
				AA3A47942865CBB50030B49E /* to_string.cpp in Sources */,
				AA3A47952865CBB50030B49E /* etc.cpp in Sources */,
				AA3A47962865CBB50030B49E /* files.cpp in Sources */,
				AA3A47902865CBB50030B49E /* image.cpp in Sources */,
			);
			runOnlyForDeploymentPostprocessing = 0;
		};
/* End PBXSourcesBuildPhase section */

/* Begin XCBuildConfiguration section */
		AA3A47792865CB0E0030B49E /* Debug */ = {
			isa = XCBuildConfiguration;
			buildSettings = {
				ALWAYS_SEARCH_USER_PATHS = NO;
				CLANG_ANALYZER_NONNULL = YES;
				CLANG_ANALYZER_NUMBER_OBJECT_CONVERSION = YES_AGGRESSIVE;
				CLANG_CXX_LANGUAGE_STANDARD = "gnu++17";
				CLANG_CXX_LIBRARY = "libc++";
				CLANG_ENABLE_MODULES = YES;
				CLANG_ENABLE_OBJC_ARC = YES;
				CLANG_ENABLE_OBJC_WEAK = YES;
				CLANG_WARN_BLOCK_CAPTURE_AUTORELEASING = YES;
				CLANG_WARN_BOOL_CONVERSION = YES;
				CLANG_WARN_COMMA = YES;
				CLANG_WARN_CONSTANT_CONVERSION = YES;
				CLANG_WARN_DEPRECATED_OBJC_IMPLEMENTATIONS = YES;
				CLANG_WARN_DIRECT_OBJC_ISA_USAGE = YES_ERROR;
				CLANG_WARN_DOCUMENTATION_COMMENTS = YES;
				CLANG_WARN_EMPTY_BODY = YES;
				CLANG_WARN_ENUM_CONVERSION = YES;
				CLANG_WARN_INFINITE_RECURSION = YES;
				CLANG_WARN_INT_CONVERSION = YES;
				CLANG_WARN_NON_LITERAL_NULL_CONVERSION = YES;
				CLANG_WARN_OBJC_IMPLICIT_RETAIN_SELF = YES;
				CLANG_WARN_OBJC_LITERAL_CONVERSION = YES;
				CLANG_WARN_OBJC_ROOT_CLASS = YES_ERROR;
				CLANG_WARN_QUOTED_INCLUDE_IN_FRAMEWORK_HEADER = YES;
				CLANG_WARN_RANGE_LOOP_ANALYSIS = YES;
				CLANG_WARN_STRICT_PROTOTYPES = YES;
				CLANG_WARN_SUSPICIOUS_MOVE = YES;
				CLANG_WARN_UNGUARDED_AVAILABILITY = YES_AGGRESSIVE;
				CLANG_WARN_UNREACHABLE_CODE = YES;
				CLANG_WARN__DUPLICATE_METHOD_MATCH = YES;
				COPY_PHASE_STRIP = NO;
				DEBUG_INFORMATION_FORMAT = dwarf;
				ENABLE_STRICT_OBJC_MSGSEND = YES;
				ENABLE_TESTABILITY = YES;
				GCC_C_LANGUAGE_STANDARD = gnu11;
				GCC_DYNAMIC_NO_PIC = NO;
				GCC_NO_COMMON_BLOCKS = YES;
				GCC_OPTIMIZATION_LEVEL = 0;
				GCC_PREPROCESSOR_DEFINITIONS = (
					"DEBUG=1",
					"$(inherited)",
				);
				GCC_WARN_64_TO_32_BIT_CONVERSION = YES;
				GCC_WARN_ABOUT_RETURN_TYPE = YES_ERROR;
				GCC_WARN_UNDECLARED_SELECTOR = YES;
				GCC_WARN_UNINITIALIZED_AUTOS = YES_AGGRESSIVE;
				GCC_WARN_UNUSED_FUNCTION = YES;
				GCC_WARN_UNUSED_VARIABLE = YES;
				"HEADER_SEARCH_PATHS[arch=*]" = /usr/local/opt/opencv/include/opencv4;
				MACOSX_DEPLOYMENT_TARGET = 11.6;
				MTL_ENABLE_DEBUG_INFO = INCLUDE_SOURCE;
				MTL_FAST_MATH = YES;
				ONLY_ACTIVE_ARCH = YES;
				"OTHER_LDFLAGS[arch=*]" = (
					"-I/usr/local/opt/opencv/include/opencv4",
					"-L/usr/local/opt/opencv/lib",
					"-lopencv_gapi",
					"-lopencv_stitching",
					"-lopencv_alphamat",
					"-lopencv_aruco",
					"-lopencv_barcode",
					"-lopencv_bgsegm",
					"-lopencv_bioinspired",
					"-lopencv_ccalib",
					"-lopencv_dnn_objdetect",
					"-lopencv_dnn_superres",
					"-lopencv_dpm",
					"-lopencv_face",
					"-lopencv_freetype",
					"-lopencv_fuzzy",
					"-lopencv_hfs",
					"-lopencv_img_hash",
					"-lopencv_intensity_transform",
					"-lopencv_line_descriptor",
					"-lopencv_mcc",
					"-lopencv_quality",
					"-lopencv_rapid",
					"-lopencv_reg",
					"-lopencv_rgbd",
					"-lopencv_saliency",
					"-lopencv_sfm",
					"-lopencv_stereo",
					"-lopencv_structured_light",
					"-lopencv_phase_unwrapping",
					"-lopencv_superres",
					"-lopencv_optflow",
					"-lopencv_surface_matching",
					"-lopencv_tracking",
					"-lopencv_highgui",
					"-lopencv_datasets",
					"-lopencv_text",
					"-lopencv_plot",
					"-lopencv_videostab",
					"-lopencv_videoio",
					"-lopencv_viz",
					"-lopencv_wechat_qrcode",
					"-lopencv_xfeatures2d",
					"-lopencv_shape",
					"-lopencv_ml",
					"-lopencv_ximgproc",
					"-lopencv_video",
					"-lopencv_xobjdetect",
					"-lopencv_objdetect",
					"-lopencv_calib3d",
					"-lopencv_imgcodecs",
					"-lopencv_features2d",
					"-lopencv_dnn",
					"-lopencv_flann",
					"-lopencv_xphoto",
					"-lopencv_photo",
					"-lopencv_imgproc",
					"-lopencv_core\n",
				);
				SDKROOT = macosx;
			};
			name = Debug;
		};
		AA3A477A2865CB0E0030B49E /* Release */ = {
			isa = XCBuildConfiguration;
			buildSettings = {
				ALWAYS_SEARCH_USER_PATHS = NO;
				CLANG_ANALYZER_NONNULL = YES;
				CLANG_ANALYZER_NUMBER_OBJECT_CONVERSION = YES_AGGRESSIVE;
				CLANG_CXX_LANGUAGE_STANDARD = "gnu++17";
				CLANG_CXX_LIBRARY = "libc++";
				CLANG_ENABLE_MODULES = YES;
				CLANG_ENABLE_OBJC_ARC = YES;
				CLANG_ENABLE_OBJC_WEAK = YES;
				CLANG_WARN_BLOCK_CAPTURE_AUTORELEASING = YES;
				CLANG_WARN_BOOL_CONVERSION = YES;
				CLANG_WARN_COMMA = YES;
				CLANG_WARN_CONSTANT_CONVERSION = YES;
				CLANG_WARN_DEPRECATED_OBJC_IMPLEMENTATIONS = YES;
				CLANG_WARN_DIRECT_OBJC_ISA_USAGE = YES_ERROR;
				CLANG_WARN_DOCUMENTATION_COMMENTS = YES;
				CLANG_WARN_EMPTY_BODY = YES;
				CLANG_WARN_ENUM_CONVERSION = YES;
				CLANG_WARN_INFINITE_RECURSION = YES;
				CLANG_WARN_INT_CONVERSION = YES;
				CLANG_WARN_NON_LITERAL_NULL_CONVERSION = YES;
				CLANG_WARN_OBJC_IMPLICIT_RETAIN_SELF = YES;
				CLANG_WARN_OBJC_LITERAL_CONVERSION = YES;
				CLANG_WARN_OBJC_ROOT_CLASS = YES_ERROR;
				CLANG_WARN_QUOTED_INCLUDE_IN_FRAMEWORK_HEADER = YES;
				CLANG_WARN_RANGE_LOOP_ANALYSIS = YES;
				CLANG_WARN_STRICT_PROTOTYPES = YES;
				CLANG_WARN_SUSPICIOUS_MOVE = YES;
				CLANG_WARN_UNGUARDED_AVAILABILITY = YES_AGGRESSIVE;
				CLANG_WARN_UNREACHABLE_CODE = YES;
				CLANG_WARN__DUPLICATE_METHOD_MATCH = YES;
				COPY_PHASE_STRIP = NO;
				DEBUG_INFORMATION_FORMAT = "dwarf-with-dsym";
				ENABLE_NS_ASSERTIONS = NO;
				ENABLE_STRICT_OBJC_MSGSEND = YES;
				GCC_C_LANGUAGE_STANDARD = gnu11;
				GCC_NO_COMMON_BLOCKS = YES;
				GCC_WARN_64_TO_32_BIT_CONVERSION = YES;
				GCC_WARN_ABOUT_RETURN_TYPE = YES_ERROR;
				GCC_WARN_UNDECLARED_SELECTOR = YES;
				GCC_WARN_UNINITIALIZED_AUTOS = YES_AGGRESSIVE;
				GCC_WARN_UNUSED_FUNCTION = YES;
				GCC_WARN_UNUSED_VARIABLE = YES;
				"HEADER_SEARCH_PATHS[arch=*]" = /usr/local/opt/opencv/include/opencv4;
				MACOSX_DEPLOYMENT_TARGET = 11.6;
				MTL_ENABLE_DEBUG_INFO = NO;
				MTL_FAST_MATH = YES;
				"OTHER_LDFLAGS[arch=*]" = (
					"-I/usr/local/opt/opencv/include/opencv4",
					"-L/usr/local/opt/opencv/lib",
					"-lopencv_gapi",
					"-lopencv_stitching",
					"-lopencv_alphamat",
					"-lopencv_aruco",
					"-lopencv_barcode",
					"-lopencv_bgsegm",
					"-lopencv_bioinspired",
					"-lopencv_ccalib",
					"-lopencv_dnn_objdetect",
					"-lopencv_dnn_superres",
					"-lopencv_dpm",
					"-lopencv_face",
					"-lopencv_freetype",
					"-lopencv_fuzzy",
					"-lopencv_hfs",
					"-lopencv_img_hash",
					"-lopencv_intensity_transform",
					"-lopencv_line_descriptor",
					"-lopencv_mcc",
					"-lopencv_quality",
					"-lopencv_rapid",
					"-lopencv_reg",
					"-lopencv_rgbd",
					"-lopencv_saliency",
					"-lopencv_sfm",
					"-lopencv_stereo",
					"-lopencv_structured_light",
					"-lopencv_phase_unwrapping",
					"-lopencv_superres",
					"-lopencv_optflow",
					"-lopencv_surface_matching",
					"-lopencv_tracking",
					"-lopencv_highgui",
					"-lopencv_datasets",
					"-lopencv_text",
					"-lopencv_plot",
					"-lopencv_videostab",
					"-lopencv_videoio",
					"-lopencv_viz",
					"-lopencv_wechat_qrcode",
					"-lopencv_xfeatures2d",
					"-lopencv_shape",
					"-lopencv_ml",
					"-lopencv_ximgproc",
					"-lopencv_video",
					"-lopencv_xobjdetect",
					"-lopencv_objdetect",
					"-lopencv_calib3d",
					"-lopencv_imgcodecs",
					"-lopencv_features2d",
					"-lopencv_dnn",
					"-lopencv_flann",
					"-lopencv_xphoto",
					"-lopencv_photo",
					"-lopencv_imgproc",
					"-lopencv_core\n",
				);
				SDKROOT = macosx;
			};
			name = Release;
		};
		AA3A477C2865CB0E0030B49E /* Debug */ = {
			isa = XCBuildConfiguration;
			buildSettings = {
				CODE_SIGN_STYLE = Automatic;
				DEVELOPMENT_TEAM = A36G9WH7N8;
				ENABLE_HARDENED_RUNTIME = YES;
				PRODUCT_NAME = "$(TARGET_NAME)";
			};
			name = Debug;
		};
		AA3A477D2865CB0E0030B49E /* Release */ = {
			isa = XCBuildConfiguration;
			buildSettings = {
				CODE_SIGN_STYLE = Automatic;
				DEVELOPMENT_TEAM = A36G9WH7N8;
				ENABLE_HARDENED_RUNTIME = YES;
				PRODUCT_NAME = "$(TARGET_NAME)";
			};
			name = Release;
		};
/* End XCBuildConfiguration section */

/* Begin XCConfigurationList section */
		AA3A476F2865CB0E0030B49E /* Build configuration list for PBXProject "cpp-to-c-api" */ = {
			isa = XCConfigurationList;
			buildConfigurations = (
				AA3A47792865CB0E0030B49E /* Debug */,
				AA3A477A2865CB0E0030B49E /* Release */,
			);
			defaultConfigurationIsVisible = 0;
			defaultConfigurationName = Release;
		};
		AA3A477B2865CB0E0030B49E /* Build configuration list for PBXNativeTarget "cpp-to-c-api" */ = {
			isa = XCConfigurationList;
			buildConfigurations = (
				AA3A477C2865CB0E0030B49E /* Debug */,
				AA3A477D2865CB0E0030B49E /* Release */,
			);
			defaultConfigurationIsVisible = 0;
			defaultConfigurationName = Release;
		};
/* End XCConfigurationList section */
	};
	rootObject = AA3A476C2865CB0E0030B49E /* Project object */;
}
